<?xml version="1.0" encoding="utf-8"?>
<Project ToolsVersion="4.0" xmlns="http://schemas.microsoft.com/developer/msbuild/2003">
  <ItemGroup>
    <Filter Include="Header Files">
      <UniqueIdentifier>{403ea647-ee45-47ac-b6ab-c3256766264f}</UniqueIdentifier>
      <Extensions>h;hpp;hxx;hm;inl;inc;xsd</Extensions>
    </Filter>
    <Filter Include="Resource Files">
      <UniqueIdentifier>{47a250c2-c5c4-4607-bd24-d3049ca088a3}</UniqueIdentifier>
      <Extensions>rc;ico;cur;bmp;dlg;rc2;rct;bin;rgs;gif;jpg;jpeg;jpe;resx</Extensions>
    </Filter>
    <Filter Include="Source Files">
      <UniqueIdentifier>{8dc1aa1f-9580-409b-a679-187d00c09a14}</UniqueIdentifier>
      <Extensions>cpp;c;cc;cxx;def;odl;idl;hpj;bat;asm;asmx</Extensions>
    </Filter>
  </ItemGroup>
  <ItemGroup>
    <ClInclude Include="compiler.h">
      <Filter>Header Files</Filter>
    </ClInclude>
    <ClInclude Include="levmar.h">
      <Filter>Header Files</Filter>
    </ClInclude>
    <ClInclude Include="misc.h">
      <Filter>Header Files</Filter>
    </ClInclude>
  </ItemGroup>
  <ItemGroup>
    <ClCompile Include="Axb.c">
      <Filter>Source Files</Filter>
    </ClCompile>
    <ClCompile Include="lm.c">
      <Filter>Source Files</Filter>
    </ClCompile>
    <ClCompile Include="lmbc.c">
      <Filter>Source Files</Filter>
    </ClCompile>
    <ClCompile Include="lmblec.c">
      <Filter>Source Files</Filter>
    </ClCompile>
    <ClCompile Include="lmlec.c">
      <Filter>Source Files</Filter>
    </ClCompile>
    <ClCompile Include="misc.c">
      <Filter>Source Files</Filter>
    </ClCompile>
    <ClCompile Include="lmbleic.c">
      <Filter>Source Files</Filter>
    </ClCompile>
  </ItemGroup>
</Project>